
Microsoft Visual Studio Solution File, Format Version 12.00
# Visual Studio Version 17
VisualStudioVersion = 17.0.31912.275
MinimumVisualStudioVersion = 10.0.40219.1
Project("{2150E333-8FDC-42A3-9474-1A3956D46DE8}") = "Solution Items", "Solution Items", "{DDF243FE-2492-4360-B8FC-9F2DC0D5652B}"
	ProjectSection(SolutionItems) = preProject
		.editorconfig = .editorconfig
	EndProjectSection
EndProject
Project("{2150E333-8FDC-42A3-9474-1A3956D46DE8}") = "src", "src", "{0B5A9436-3B3D-4CC0-A5B9-562479D107CF}"
EndProject
Project("{9A19103F-16F7-4668-BE54-9A1E7A4F7556}") = "01.Base", "src\01.Base\01.Base.csproj", "{311EE6CC-C56E-4AEC-9002-4546DE128BBC}"
EndProject
Project("{9A19103F-16F7-4668-BE54-9A1E7A4F7556}") = "02.Domain", "src\02.Domain\02.Domain.csproj", "{120522FC-A053-4F47-8AFC-F387BA873FBF}"
EndProject
Project("{9A19103F-16F7-4668-BE54-9A1E7A4F7556}") = "03.Shared", "src\03.Shared\03.Shared.csproj", "{B02F3206-3B73-448C-9CAF-F4E13E7236FA}"
EndProject
Project("{9A19103F-16F7-4668-BE54-9A1E7A4F7556}") = "04.Application", "src\04.Application\04.Application.csproj", "{E43DD886-86A8-4FF7-A93D-442CEAB6D809}"
EndProject
Project("{9A19103F-16F7-4668-BE54-9A1E7A4F7556}") = "05.Infrastructure", "src\05.Infrastructure\05.Infrastructure.csproj", "{3428C61F-CE67-4C37-A8F0-A06ABA1F8006}"
EndProject
Project("{9A19103F-16F7-4668-BE54-9A1E7A4F7556}") = "06.WebApi", "src\06.WebApi\06.WebApi.csproj", "{CE8F3A2C-6AE3-467F-A814-D3F59182AC10}"
EndProject
Project("{9A19103F-16F7-4668-BE54-9A1E7A4F7556}") = "07.Client", "src\07.Client\07.Client.csproj", "{E319ECC8-6BD0-4108-9CE9-BCC374E4B0DE}"
EndProject
Project("{9A19103F-16F7-4668-BE54-9A1E7A4F7556}") = "08.Bsui", "src\08.Bsui\08.Bsui.csproj", "{820B2CEC-0B57-4AB3-90E6-267E9C2D4D22}"
EndProject
Global
	GlobalSection(SolutionConfigurationPlatforms) = preSolution
		Debug|Any CPU = Debug|Any CPU
		Release|Any CPU = Release|Any CPU
	EndGlobalSection
	GlobalSection(ProjectConfigurationPlatforms) = postSolution
		{311EE6CC-C56E-4AEC-9002-4546DE128BBC}.Debug|Any CPU.ActiveCfg = Debug|Any CPU
		{311EE6CC-C56E-4AEC-9002-4546DE128BBC}.Debug|Any CPU.Build.0 = Debug|Any CPU
		{311EE6CC-C56E-4AEC-9002-4546DE128BBC}.Release|Any CPU.ActiveCfg = Release|Any CPU
		{311EE6CC-C56E-4AEC-9002-4546DE128BBC}.Release|Any CPU.Build.0 = Release|Any CPU
		{120522FC-A053-4F47-8AFC-F387BA873FBF}.Debug|Any CPU.ActiveCfg = Debug|Any CPU
		{120522FC-A053-4F47-8AFC-F387BA873FBF}.Debug|Any CPU.Build.0 = Debug|Any CPU
		{120522FC-A053-4F47-8AFC-F387BA873FBF}.Release|Any CPU.ActiveCfg = Release|Any CPU
		{120522FC-A053-4F47-8AFC-F387BA873FBF}.Release|Any CPU.Build.0 = Release|Any CPU
		{B02F3206-3B73-448C-9CAF-F4E13E7236FA}.Debug|Any CPU.ActiveCfg = Debug|Any CPU
		{B02F3206-3B73-448C-9CAF-F4E13E7236FA}.Debug|Any CPU.Build.0 = Debug|Any CPU
		{B02F3206-3B73-448C-9CAF-F4E13E7236FA}.Release|Any CPU.ActiveCfg = Release|Any CPU
		{B02F3206-3B73-448C-9CAF-F4E13E7236FA}.Release|Any CPU.Build.0 = Release|Any CPU
		{E43DD886-86A8-4FF7-A93D-442CEAB6D809}.Debug|Any CPU.ActiveCfg = Debug|Any CPU
		{E43DD886-86A8-4FF7-A93D-442CEAB6D809}.Debug|Any CPU.Build.0 = Debug|Any CPU
		{E43DD886-86A8-4FF7-A93D-442CEAB6D809}.Release|Any CPU.ActiveCfg = Release|Any CPU
		{E43DD886-86A8-4FF7-A93D-442CEAB6D809}.Release|Any CPU.Build.0 = Release|Any CPU
		{3428C61F-CE67-4C37-A8F0-A06ABA1F8006}.Debug|Any CPU.ActiveCfg = Debug|Any CPU
		{3428C61F-CE67-4C37-A8F0-A06ABA1F8006}.Debug|Any CPU.Build.0 = Debug|Any CPU
		{3428C61F-CE67-4C37-A8F0-A06ABA1F8006}.Release|Any CPU.ActiveCfg = Release|Any CPU
		{3428C61F-CE67-4C37-A8F0-A06ABA1F8006}.Release|Any CPU.Build.0 = Release|Any CPU
		{CE8F3A2C-6AE3-467F-A814-D3F59182AC10}.Debug|Any CPU.ActiveCfg = Debug|Any CPU
		{CE8F3A2C-6AE3-467F-A814-D3F59182AC10}.Debug|Any CPU.Build.0 = Debug|Any CPU
		{CE8F3A2C-6AE3-467F-A814-D3F59182AC10}.Release|Any CPU.ActiveCfg = Release|Any CPU
		{CE8F3A2C-6AE3-467F-A814-D3F59182AC10}.Release|Any CPU.Build.0 = Release|Any CPU
		{E319ECC8-6BD0-4108-9CE9-BCC374E4B0DE}.Debug|Any CPU.ActiveCfg = Debug|Any CPU
		{E319ECC8-6BD0-4108-9CE9-BCC374E4B0DE}.Debug|Any CPU.Build.0 = Debug|Any CPU
		{E319ECC8-6BD0-4108-9CE9-BCC374E4B0DE}.Release|Any CPU.ActiveCfg = Release|Any CPU
		{E319ECC8-6BD0-4108-9CE9-BCC374E4B0DE}.Release|Any CPU.Build.0 = Release|Any CPU
		{820B2CEC-0B57-4AB3-90E6-267E9C2D4D22}.Debug|Any CPU.ActiveCfg = Debug|Any CPU
		{820B2CEC-0B57-4AB3-90E6-267E9C2D4D22}.Debug|Any CPU.Build.0 = Debug|Any CPU
		{820B2CEC-0B57-4AB3-90E6-267E9C2D4D22}.Release|Any CPU.ActiveCfg = Release|Any CPU
		{820B2CEC-0B57-4AB3-90E6-267E9C2D4D22}.Release|Any CPU.Build.0 = Release|Any CPU
	EndGlobalSection
	GlobalSection(SolutionProperties) = preSolution
		HideSolutionNode = FALSE
	EndGlobalSection
	GlobalSection(NestedProjects) = preSolution
		{311EE6CC-C56E-4AEC-9002-4546DE128BBC} = {0B5A9436-3B3D-4CC0-A5B9-562479D107CF}
		{120522FC-A053-4F47-8AFC-F387BA873FBF} = {0B5A9436-3B3D-4CC0-A5B9-562479D107CF}
		{B02F3206-3B73-448C-9CAF-F4E13E7236FA} = {0B5A9436-3B3D-4CC0-A5B9-562479D107CF}
		{E43DD886-86A8-4FF7-A93D-442CEAB6D809} = {0B5A9436-3B3D-4CC0-A5B9-562479D107CF}
		{3428C61F-CE67-4C37-A8F0-A06ABA1F8006} = {0B5A9436-3B3D-4CC0-A5B9-562479D107CF}
		{CE8F3A2C-6AE3-467F-A814-D3F59182AC10} = {0B5A9436-3B3D-4CC0-A5B9-562479D107CF}
		{E319ECC8-6BD0-4108-9CE9-BCC374E4B0DE} = {0B5A9436-3B3D-4CC0-A5B9-562479D107CF}
		{820B2CEC-0B57-4AB3-90E6-267E9C2D4D22} = {0B5A9436-3B3D-4CC0-A5B9-562479D107CF}
	EndGlobalSection
	GlobalSection(ExtensibilityGlobals) = postSolution
		SolutionGuid = {7B0AF41A-0705-4C04-AD5F-D983D7A37050}
	EndGlobalSection
EndGlobal
